
Microsoft Visual Studio Solution File, Format Version 12.00
# Visual Studio Version 17
VisualStudioVersion = 17.5.33424.131
MinimumVisualStudioVersion = 10.0.40219.1
Project("{FAE04EC0-301F-11D3-BF4B-00C04F79EFBC}") = "DDAEA_Lab_S1", "DDAEA_Lab_S1\DDAEA_Lab_S1.csproj", "{1EDB6D69-FA2F-4876-9B34-8852E2406A77}"
EndProject
Project("{FAE04EC0-301F-11D3-BF4B-00C04F79EFBC}") = "WindowsFormsApp1", "WindowsFormsApp1\WindowsFormsApp1.csproj", "{91CB5134-2298-4642-9808-5AAD425CCCBB}"
EndProject
Global
	GlobalSection(SolutionConfigurationPlatforms) = preSolution
		Debug|Any CPU = Debug|Any CPU
		Release|Any CPU = Release|Any CPU
	EndGlobalSection
	GlobalSection(ProjectConfigurationPlatforms) = postSolution
		{1EDB6D69-FA2F-4876-9B34-8852E2406A77}.Debug|Any CPU.ActiveCfg = Debug|Any CPU
		{1EDB6D69-FA2F-4876-9B34-8852E2406A77}.Debug|Any CPU.Build.0 = Debug|Any CPU
		{1EDB6D69-FA2F-4876-9B34-8852E2406A77}.Release|Any CPU.ActiveCfg = Release|Any CPU
		{1EDB6D69-FA2F-4876-9B34-8852E2406A77}.Release|Any CPU.Build.0 = Release|Any CPU
		{91CB5134-2298-4642-9808-5AAD425CCCBB}.Debug|Any CPU.ActiveCfg = Debug|Any CPU
		{91CB5134-2298-4642-9808-5AAD425CCCBB}.Debug|Any CPU.Build.0 = Debug|Any CPU
		{91CB5134-2298-4642-9808-5AAD425CCCBB}.Release|Any CPU.ActiveCfg = Release|Any CPU
		{91CB5134-2298-4642-9808-5AAD425CCCBB}.Release|Any CPU.Build.0 = Release|Any CPU
	EndGlobalSection
	GlobalSection(SolutionProperties) = preSolution
		HideSolutionNode = FALSE
	EndGlobalSection
	GlobalSection(ExtensibilityGlobals) = postSolution
		SolutionGuid = {8733C3AA-93B3-4475-B08E-8BFCBD147A56}
	EndGlobalSection
EndGlobal
